dependencies:
- name: common
  repository: https://charts.bitnami.com/bitnami
  version: 2.22.0
- name: cert-manager
  repository: https://aaronyang0628.github.io/helm-chart-mirror/charts
  version: v1.17.2
- name: minio
  repository: https://charts.bitnami.com/bitnami
  version: 13.8.4
- name: elasticsearch
  repository: https://charts.bitnami.com/bitnami
  version: 19.21.2
- name: kafka
  repository: https://charts.bitnami.com/bitnami
  version: 29.3.14
- name: flink-kubernetes-operator
  repository: https://downloads.apache.org/flink/flink-kubernetes-operator-1.13.0/
  version: 1.13.0
digest: sha256:bbec499a1b36d9d7992cecc9ac747d4d8254f4df818faf8ae4714f86c28d6156
generated: "2025-12-01T02:09:56.143293122Z"
