dependencies:
- name: elasticsearch
  repository: https://aaronyang0628.github.io/helm-chart-mirror/charts
  version: 22.0.2
- name: kafka
  repository: https://aaronyang0628.github.io/helm-chart-mirror/charts
  version: 32.2.3
- name: flink-kubernetes-operator
  repository: https://aaronyang0628.github.io/helm-chart-mirror/charts
  version: 1.11.0
digest: sha256:d30ef4f417b1ad27a3d0f1bab5b210a565279f92041cf9ff0de5a33d99a9fd00
generated: "2025-05-07T17:14:31.230664774+08:00"
