dependencies:
- name: common
  repository: https://charts.bitnami.com/bitnami
  version: 2.22.0
- name: cert-manager
  repository: https://aaronyang0628.github.io/helm-chart-mirror/charts
  version: v1.17.2
- name: minio
  repository: https://charts.bitnami.com/bitnami
  version: 13.8.4
- name: elasticsearch
  repository: https://charts.bitnami.com/bitnami
  version: 19.21.2
- name: kafka
  repository: https://charts.bitnami.com/bitnami
  version: 29.3.14
- name: flink-kubernetes-operator
  repository: https://aaronyang0628.github.io/helm-chart-mirror/charts
  version: 1.11.0
- name: nginx
  repository: https://charts.bitnami.com/bitnami
  version: 15.10.4
digest: sha256:f1879c7a2820be2f7805387e0444066f928ceb761cc3411488f600b520e298da
generated: "2025-07-21T15:44:42.486043509+08:00"
